lockfileVersion: '6.0'

settings:
  autoInstallPeers: true
  excludeLinksFromLockfile: false

devDependencies:
  '@types/node':
    specifier: ^20.11.19
    version: 20.11.19
  oxlint:
    specifier: ^0.2.8
    version: 0.2.8
  typescript:
    specifier: ^5.3.3
    version: 5.3.3

packages:

  /@oxlint/darwin-arm64@0.2.8:
    resolution: {integrity: sha512-Xu+lEWj04aqa6qVbuf0tnc8tUlfXLNwOlYkIfd9GNpCxt6OLc53bfmUe7G6jDsfN3tkea1aL/Rb+Pv4ZgoHv4w==}
    cpu: [arm64]
    os: [darwin]
    requiresBuild: true
    dev: true
    optional: true

  /@oxlint/darwin-x64@0.2.8:
    resolution: {integrity: sha512-3jkzG3NRKeWiHqWHRcpYMIFmh8Vsb2XfobDc0eBwFfs16G/wXw15u9SBUPkKnwPM5jhceV3roGecqUjbr1AjBA==}
    cpu: [x64]
    os: [darwin]
    requiresBuild: true
    dev: true
    optional: true

  /@oxlint/linux-arm64-gnu@0.2.8:
    resolution: {integrity: sha512-71c7EIEXpgG9eiBYsyd388GtEpnXKswfn2nR9Raw5twA/Y/nDuxibMsRFMOOxbi5saapjQbVoxao3xt2uv4Jsg==}
    cpu: [arm64]
    os: [linux]
    requiresBuild: true
    dev: true
    optional: true

  /@oxlint/linux-arm64-musl@0.2.8:
    resolution: {integrity: sha512-uB2w0xfAIOsrFqsh9c9LoAuvAT2QibQHQL5LFkIAtCW9XdMfk0YtDwm9zNJel1p/R3F3W9A+L4fJFIoqiXrLLQ==}
    cpu: [arm64]
    os: [linux]
    requiresBuild: true
    dev: true
    optional: true

  /@oxlint/linux-x64-gnu@0.2.8:
    resolution: {integrity: sha512-d4IxS+B1j+u4XQom18CiHVzg5QSrNjG8xD1PHqyinwUXcq7re9LyH40yCxMxb3VZt5sNoX0M4BIfVcXrt3h8cg==}
    cpu: [x64]
    os: [linux]
    requiresBuild: true
    dev: true
    optional: true

  /@oxlint/linux-x64-musl@0.2.8:
    resolution: {integrity: sha512-cIy3mNX2UY2CHnuJOCF50ki0XlogQatcCKg3OcxjI/PCpwZE1idNEZ8A2gXXodsyp0bDP74lgX/rhDKz63gvIg==}
    cpu: [x64]
    os: [linux]
    requiresBuild: true
    dev: true
    optional: true

  /@oxlint/win32-arm64@0.2.8:
    resolution: {integrity: sha512-fFmLekNgUwgrGBK30U44778rQsF2GSjaGYbjkqYU1jKqoMRSoWyMgPskQBKG92R6G35AyE65UehusXItYfyuHA==}
    cpu: [arm64]
    os: [win32]
    requiresBuild: true
    dev: true
    optional: true

  /@oxlint/win32-x64@0.2.8:
    resolution: {integrity: sha512-iuLIDkJIbzNJGMhnwsrmrbuv6rzEEiWj14ROz/bCQvJbYsBKiA8hTohuuigCo0SG2UnyT74zuzJ8opTeHTrd1Q==}
    cpu: [x64]
    os: [win32]
    requiresBuild: true
    dev: true
    optional: true

  /@types/node@20.11.19:
    resolution: {integrity: sha512-7xMnVEcZFu0DikYjWOlRq7NTPETrm7teqUT2WkQjrTIkEgUyyGdWsj/Zg8bEJt5TNklzbPD1X3fqfsHw3SpapQ==}
    dependencies:
      undici-types: 5.26.5
    dev: true

  /oxlint@0.2.8:
    resolution: {integrity: sha512-bppMb121RTmwh2y/RWt6czaBd0LnQtDkYEVuSS+8Bv2Ez8qfdSyuWXfqNcxoSEasdaKDF9VckLeSI3WDXPYc/w==}
    engines: {node: '>=14.*'}
    hasBin: true
    optionalDependencies:
      '@oxlint/darwin-arm64': 0.2.8
      '@oxlint/darwin-x64': 0.2.8
      '@oxlint/linux-arm64-gnu': 0.2.8
      '@oxlint/linux-arm64-musl': 0.2.8
      '@oxlint/linux-x64-gnu': 0.2.8
      '@oxlint/linux-x64-musl': 0.2.8
      '@oxlint/win32-arm64': 0.2.8
      '@oxlint/win32-x64': 0.2.8
    dev: true

  /typescript@5.3.3:
    resolution: {integrity: sha512-pXWcraxM0uxAS+tN0AG/BF2TyqmHO014Z070UsJ+pFvYuRSq8KH8DmWpnbXe0pEPDHXZV3FcAbJkijJ5oNEnWw==}
    engines: {node: '>=14.17'}
    hasBin: true
    dev: true

  /undici-types@5.26.5:
    resolution: {integrity: sha512-JlCMO+ehdEIKqlFxk6IfVoAUVmgz7cU7zD/h9XZ0qzeosSHmUJVOzSQvvYSYWXkFXC+IfLKSIffhv0sVZup6pA==}
    dev: true
